
Microsoft Visual Studio Solution File, Format Version 12.00
# Visual Studio Version 17
VisualStudioVersion = 17.4.33403.182
MinimumVisualStudioVersion = 10.0.40219.1
Project("{FAE04EC0-301F-11D3-BF4B-00C04F79EFBC}") = "Lab2", "Lab2\Lab2.csproj", "{A72967FE-0623-4B64-80F3-325A76CB91C8}"
EndProject
Project("{FAE04EC0-301F-11D3-BF4B-00C04F79EFBC}") = "Lab3", "Lab3\Lab3.csproj", "{30B49DCD-9C79-48BA-94AB-902C15863C55}"
EndProject
Project("{FAE04EC0-301F-11D3-BF4B-00C04F79EFBC}") = "Lab4", "Lab4\Lab4.csproj", "{51C31BEE-8877-4988-97F8-B1C45D1BA4DE}"
EndProject
Project("{FAE04EC0-301F-11D3-BF4B-00C04F79EFBC}") = "Lab5", "Lab5\Lab5.csproj", "{E85F0D70-7B6D-4379-82F3-289EB074CEF1}"
EndProject
Project("{FAE04EC0-301F-11D3-BF4B-00C04F79EFBC}") = "Lab6", "Lab6\Lab6.csproj", "{B6C33C98-812D-449A-8204-8481EB94D930}"
EndProject
Project("{FAE04EC0-301F-11D3-BF4B-00C04F79EFBC}") = "Lab8", "Lab8\Lab8.csproj", "{86EB4A43-60C7-4407-9826-5517A5635272}"
EndProject
Project("{FAE04EC0-301F-11D3-BF4B-00C04F79EFBC}") = "Lab10", "Lab10\Lab10.csproj", "{6DFA51DD-8B58-4883-BC4A-02BB4FE01857}"
EndProject
Global
	GlobalSection(SolutionConfigurationPlatforms) = preSolution
		Debug|Any CPU = Debug|Any CPU
		Release|Any CPU = Release|Any CPU
	EndGlobalSection
	GlobalSection(ProjectConfigurationPlatforms) = postSolution
		{A72967FE-0623-4B64-80F3-325A76CB91C8}.Debug|Any CPU.ActiveCfg = Debug|Any CPU
		{A72967FE-0623-4B64-80F3-325A76CB91C8}.Debug|Any CPU.Build.0 = Debug|Any CPU
		{A72967FE-0623-4B64-80F3-325A76CB91C8}.Release|Any CPU.ActiveCfg = Release|Any CPU
		{A72967FE-0623-4B64-80F3-325A76CB91C8}.Release|Any CPU.Build.0 = Release|Any CPU
		{30B49DCD-9C79-48BA-94AB-902C15863C55}.Debug|Any CPU.ActiveCfg = Debug|Any CPU
		{30B49DCD-9C79-48BA-94AB-902C15863C55}.Debug|Any CPU.Build.0 = Debug|Any CPU
		{30B49DCD-9C79-48BA-94AB-902C15863C55}.Release|Any CPU.ActiveCfg = Release|Any CPU
		{30B49DCD-9C79-48BA-94AB-902C15863C55}.Release|Any CPU.Build.0 = Release|Any CPU
		{51C31BEE-8877-4988-97F8-B1C45D1BA4DE}.Debug|Any CPU.ActiveCfg = Debug|Any CPU
		{51C31BEE-8877-4988-97F8-B1C45D1BA4DE}.Debug|Any CPU.Build.0 = Debug|Any CPU
		{51C31BEE-8877-4988-97F8-B1C45D1BA4DE}.Release|Any CPU.ActiveCfg = Release|Any CPU
		{51C31BEE-8877-4988-97F8-B1C45D1BA4DE}.Release|Any CPU.Build.0 = Release|Any CPU
		{E85F0D70-7B6D-4379-82F3-289EB074CEF1}.Debug|Any CPU.ActiveCfg = Debug|Any CPU
		{E85F0D70-7B6D-4379-82F3-289EB074CEF1}.Debug|Any CPU.Build.0 = Debug|Any CPU
		{E85F0D70-7B6D-4379-82F3-289EB074CEF1}.Release|Any CPU.ActiveCfg = Release|Any CPU
		{E85F0D70-7B6D-4379-82F3-289EB074CEF1}.Release|Any CPU.Build.0 = Release|Any CPU
		{B6C33C98-812D-449A-8204-8481EB94D930}.Debug|Any CPU.ActiveCfg = Debug|Any CPU
		{B6C33C98-812D-449A-8204-8481EB94D930}.Debug|Any CPU.Build.0 = Debug|Any CPU
		{B6C33C98-812D-449A-8204-8481EB94D930}.Release|Any CPU.ActiveCfg = Release|Any CPU
		{B6C33C98-812D-449A-8204-8481EB94D930}.Release|Any CPU.Build.0 = Release|Any CPU
		{86EB4A43-60C7-4407-9826-5517A5635272}.Debug|Any CPU.ActiveCfg = Debug|Any CPU
		{86EB4A43-60C7-4407-9826-5517A5635272}.Debug|Any CPU.Build.0 = Debug|Any CPU
		{86EB4A43-60C7-4407-9826-5517A5635272}.Release|Any CPU.ActiveCfg = Release|Any CPU
		{86EB4A43-60C7-4407-9826-5517A5635272}.Release|Any CPU.Build.0 = Release|Any CPU
		{6DFA51DD-8B58-4883-BC4A-02BB4FE01857}.Debug|Any CPU.ActiveCfg = Debug|Any CPU
		{6DFA51DD-8B58-4883-BC4A-02BB4FE01857}.Debug|Any CPU.Build.0 = Debug|Any CPU
		{6DFA51DD-8B58-4883-BC4A-02BB4FE01857}.Release|Any CPU.ActiveCfg = Release|Any CPU
		{6DFA51DD-8B58-4883-BC4A-02BB4FE01857}.Release|Any CPU.Build.0 = Release|Any CPU
	EndGlobalSection
	GlobalSection(SolutionProperties) = preSolution
		HideSolutionNode = FALSE
	EndGlobalSection
	GlobalSection(ExtensibilityGlobals) = postSolution
		SolutionGuid = {063848FC-DD3F-49F3-8E1C-BD0B0D299E13}
	EndGlobalSection
EndGlobal
